{
  "object": {
    "pins": [
      {
        "package": "VDKit",
        "repositoryURL": "https://github.com/dankinsoid/VDKit.git",
        "state": {
          "branch": null,
          "revision": "0b7fe4828d8c29bbf370b780db75f2c95098e1a5",
          "version": "1.126.0"
        }
      }
    ]
  },
  "version": 1
}
