{
  "pins" : [
    {
      "identity" : "nsmethodsobservation",
      "kind" : "remoteSourceControl",
      "location" : "https://github.com/dankinsoid/NSMethodsObservation.git",
      "state" : {
        "revision" : "c982b0afd077a2d2ba58740b185b15474a08c930",
        "version" : "1.2.0"
      }
    }
  ],
  "version" : 2
}
