{
  "object": {
    "pins": [
      {
        "package": "VDKit",
        "repositoryURL": "https://github.com/dankinsoid/VDKit.git",
        "state": {
          "branch": null,
          "revision": "1d91704296642d023b7547124d372082659f5071",
          "version": "1.58.0"
        }
      }
    ]
  },
  "version": 1
}
